
Microsoft Visual Studio Solution File, Format Version 12.00
# Visual Studio Version 17
VisualStudioVersion = 17.11.35208.52
MinimumVisualStudioVersion = 10.0.40219.1
Project("{9A19103F-16F7-4668-BE54-9A1E7A4F7556}") = "NRGSystemsWebSite", "NRGSystemsWebSite\NRGSystemsWebSite.csproj", "{7B87CCDA-0AC8-444C-9908-E9F2E875F9CC}"
EndProject
Global
	GlobalSection(SolutionConfigurationPlatforms) = preSolution
		Debug|Any CPU = Debug|Any CPU
		Release|Any CPU = Release|Any CPU
	EndGlobalSection
	GlobalSection(ProjectConfigurationPlatforms) = postSolution
		{7B87CCDA-0AC8-444C-9908-E9F2E875F9CC}.Debug|Any CPU.ActiveCfg = Debug|Any CPU
		{7B87CCDA-0AC8-444C-9908-E9F2E875F9CC}.Debug|Any CPU.Build.0 = Debug|Any CPU
		{7B87CCDA-0AC8-444C-9908-E9F2E875F9CC}.Release|Any CPU.ActiveCfg = Release|Any CPU
		{7B87CCDA-0AC8-444C-9908-E9F2E875F9CC}.Release|Any CPU.Build.0 = Release|Any CPU
	EndGlobalSection
	GlobalSection(SolutionProperties) = preSolution
		HideSolutionNode = FALSE
	EndGlobalSection
	GlobalSection(ExtensibilityGlobals) = postSolution
		SolutionGuid = {F8D82658-C589-487D-BC88-0F5D45BBFB4C}
	EndGlobalSection
EndGlobal
